
Microsoft Visual Studio Solution File, Format Version 12.00
# Visual Studio Version 16
VisualStudioVersion = 16.0.31424.327
MinimumVisualStudioVersion = 10.0.40219.1
Project("{FAE04EC0-301F-11D3-BF4B-00C04F79EFBC}") = "CalculadoraIMC.Android", "CalculadoraIMC\CalculadoraIMC.Android\CalculadoraIMC.Android.csproj", "{D300A657-78EC-4BE9-B1F1-55B23BFBB2DD}"
EndProject
Project("{FAE04EC0-301F-11D3-BF4B-00C04F79EFBC}") = "CalculadoraIMC", "CalculadoraIMC\CalculadoraIMC\CalculadoraIMC.csproj", "{EBB98EE8-6F38-4AA4-98EB-005B3AF8C97E}"
EndProject
Global
	GlobalSection(SolutionConfigurationPlatforms) = preSolution
		Debug|Any CPU = Debug|Any CPU
		Release|Any CPU = Release|Any CPU
	EndGlobalSection
	GlobalSection(ProjectConfigurationPlatforms) = postSolution
		{D300A657-78EC-4BE9-B1F1-55B23BFBB2DD}.Debug|Any CPU.ActiveCfg = Debug|Any CPU
		{D300A657-78EC-4BE9-B1F1-55B23BFBB2DD}.Debug|Any CPU.Build.0 = Debug|Any CPU
		{D300A657-78EC-4BE9-B1F1-55B23BFBB2DD}.Debug|Any CPU.Deploy.0 = Debug|Any CPU
		{D300A657-78EC-4BE9-B1F1-55B23BFBB2DD}.Release|Any CPU.ActiveCfg = Release|Any CPU
		{D300A657-78EC-4BE9-B1F1-55B23BFBB2DD}.Release|Any CPU.Build.0 = Release|Any CPU
		{D300A657-78EC-4BE9-B1F1-55B23BFBB2DD}.Release|Any CPU.Deploy.0 = Release|Any CPU
		{EBB98EE8-6F38-4AA4-98EB-005B3AF8C97E}.Debug|Any CPU.ActiveCfg = Debug|Any CPU
		{EBB98EE8-6F38-4AA4-98EB-005B3AF8C97E}.Debug|Any CPU.Build.0 = Debug|Any CPU
		{EBB98EE8-6F38-4AA4-98EB-005B3AF8C97E}.Debug|Any CPU.Deploy.0 = Debug|Any CPU
		{EBB98EE8-6F38-4AA4-98EB-005B3AF8C97E}.Release|Any CPU.ActiveCfg = Release|Any CPU
		{EBB98EE8-6F38-4AA4-98EB-005B3AF8C97E}.Release|Any CPU.Build.0 = Release|Any CPU
		{EBB98EE8-6F38-4AA4-98EB-005B3AF8C97E}.Release|Any CPU.Deploy.0 = Release|Any CPU
	EndGlobalSection
	GlobalSection(SolutionProperties) = preSolution
		HideSolutionNode = FALSE
	EndGlobalSection
	GlobalSection(ExtensibilityGlobals) = postSolution
		SolutionGuid = {26C13DD3-3CC5-49D9-B348-1E9E58E3510C}
	EndGlobalSection
EndGlobal
